PODS:
  - Alamofire (5.8.0)
  - KakaoSDK (2.10.1):
    - KakaoSDKAuth (= 2.10.1)
    - KakaoSDKCommon (= 2.10.1)
    - KakaoSDKFriend (= 2.10.1)
    - KakaoSDKLink (= 2.10.1)
    - KakaoSDKNavi (= 2.10.1)
    - KakaoSDKStory (= 2.10.1)
    - KakaoSDKTalk (= 2.10.1)
    - KakaoSDKTemplate (= 2.10.1)
    - KakaoSDKUser (= 2.10.1)
  - KakaoSDKAuth (2.10.1):
    - KakaoSDKCommon (= 2.10.1)
  - KakaoSDKCommon (2.10.1):
    - KakaoSDKCommon/Common (= 2.10.1)
    - KakaoSDKCommon/Network (= 2.10.1)
  - KakaoSDKCommon/Common (2.10.1)
  - KakaoSDKCommon/Network (2.10.1):
    - Alamofire (~> 5.1)
    - KakaoSDKCommon/Common (= 2.10.1)
  - KakaoSDKFriend (2.10.1):
    - KakaoSDKUser (= 2.10.1)
  - KakaoSDKLink (2.10.1):
    - KakaoSDKCommon (= 2.10.1)
    - KakaoSDKTemplate (= 2.10.1)
  - KakaoSDKNavi (2.10.1):
    - KakaoSDKCommon/Common (= 2.10.1)
  - KakaoSDKStory (2.10.1):
    - KakaoSDKUser (= 2.10.1)
  - KakaoSDKTalk (2.10.1):
    - KakaoSDKTemplate (= 2.10.1)
    - KakaoSDKUser (= 2.10.1)
  - KakaoSDKTemplate (2.10.1):
    - KakaoSDKCommon/Common (= 2.10.1)
  - KakaoSDKUser (2.10.1):
    - KakaoSDKAuth (= 2.10.1)

DEPENDENCIES:
  - KakaoSDK
  - KakaoSDKAuth
  - KakaoSDKCommon
  - KakaoSDKLink
  - KakaoSDKNavi
  - KakaoSDKStory
  - KakaoSDKTalk
  - KakaoSDKTemplate
  - KakaoSDKUser

SPEC REPOS:
  trunk:
    - Alamofire
    - KakaoSDK
    - KakaoSDKAuth
    - KakaoSDKCommon
    - KakaoSDKFriend
    - KakaoSDKLink
    - KakaoSDKNavi
    - KakaoSDKStory
    - KakaoSDKTalk
    - KakaoSDKTemplate
    - KakaoSDKUser

SPEC CHECKSUMS:
  Alamofire: 0e92e751b3e9e66d7982db43919d01f313b8eb91
  KakaoSDK: bd9bad52fc5fa57aef57d76fc8cefa64d60b845a
  KakaoSDKAuth: b4fec62192c2ac8a9375847f666c0932e38afeb5
  KakaoSDKCommon: 4989e3bae5f4884903bc1df7134e13d0e903d587
  KakaoSDKFriend: e57664f3be8d856572861c6046b3e387947ee948
  KakaoSDKLink: 0cdc82d96a693e41cc43cbc429a5b73be57cc2dd
  KakaoSDKNavi: 9281e7c8927c118dbe03aa9ee1ef6a06ffb53f8e
  KakaoSDKStory: 0748e3e55e82f871b5d7f142ea890797c6167936
  KakaoSDKTalk: bcf48e2cd2f9145f59fa68cd3f387c04c5134b58
  KakaoSDKTemplate: de64dbf7b95c3c95abd91cb38b5c0907f45d3563
  KakaoSDKUser: 5c5fd4b5864e8b5ac9587fdbb473daf2fa675abf

PODFILE CHECKSUM: 794243daca130f0bef1f16ae44339a4796ca76a1

COCOAPODS: 1.12.1
